// !$*UTF8*$!
{
	archiveVersion = 1;
	classes = {
	};
	objectVersion = 50;
	objects = {

/* Begin PBXBuildFile section */
		624173062613948700867B85 /* Temp.rtf in Resources */ = {isa = PBXBuildFile; fileRef = 624173052613948700867B85 /* Temp.rtf */; };
		FAFA0461260FE80E008D3E8F /* AppDelegate.swift in Sources */ = {isa = PBXBuildFile; fileRef = FAFA0460260FE80E008D3E8F /* AppDelegate.swift */; };
		FAFA0463260FE80E008D3E8F /* GameScene.sks in Resources */ = {isa = PBXBuildFile; fileRef = FAFA0462260FE80E008D3E8F /* GameScene.sks */; };
		FAFA0465260FE80E008D3E8F /* Actions.sks in Resources */ = {isa = PBXBuildFile; fileRef = FAFA0464260FE80E008D3E8F /* Actions.sks */; };
		FAFA0467260FE80E008D3E8F /* GameScene.swift in Sources */ = {isa = PBXBuildFile; fileRef = FAFA0466260FE80E008D3E8F /* GameScene.swift */; };
		FAFA0469260FE80E008D3E8F /* GameViewController.swift in Sources */ = {isa = PBXBuildFile; fileRef = FAFA0468260FE80E008D3E8F /* GameViewController.swift */; };
		FAFA046C260FE80E008D3E8F /* Main.storyboard in Resources */ = {isa = PBXBuildFile; fileRef = FAFA046A260FE80E008D3E8F /* Main.storyboard */; };
		FAFA046E260FE80F008D3E8F /* Assets.xcassets in Resources */ = {isa = PBXBuildFile; fileRef = FAFA046D260FE80F008D3E8F /* Assets.xcassets */; };
		FAFA0479260FE80F008D3E8F /* cp469_ProjectTests.swift in Sources */ = {isa = PBXBuildFile; fileRef = FAFA0478260FE80F008D3E8F /* cp469_ProjectTests.swift */; };
		FAFA0484260FE80F008D3E8F /* cp469_ProjectUITests.swift in Sources */ = {isa = PBXBuildFile; fileRef = FAFA0483260FE80F008D3E8F /* cp469_ProjectUITests.swift */; };
		FAFA049526100196008D3E8F /* PhysicsCategory.swift in Sources */ = {isa = PBXBuildFile; fileRef = FAFA049426100196008D3E8F /* PhysicsCategory.swift */; };
		FAFA04B72610026D008D3E8F /* left-arrow.png in Resources */ = {isa = PBXBuildFile; fileRef = FAFA049A2610026D008D3E8F /* left-arrow.png */; };
		FAFA04B82610026D008D3E8F /* scream.png in Resources */ = {isa = PBXBuildFile; fileRef = FAFA049B2610026D008D3E8F /* scream.png */; };
		FAFA04B92610026D008D3E8F /* Spaceship.png in Resources */ = {isa = PBXBuildFile; fileRef = FAFA049C2610026D008D3E8F /* Spaceship.png */; };
		FAFA04BA2610026D008D3E8F /* bullet.jpeg in Resources */ = {isa = PBXBuildFile; fileRef = FAFA049D2610026D008D3E8F /* bullet.jpeg */; };
		FAFA04BB2610026D008D3E8F /* space-invader-small.png in Resources */ = {isa = PBXBuildFile; fileRef = FAFA049E2610026D008D3E8F /* space-invader-small.png */; };
		FAFA04BC2610026D008D3E8F /* defenderBullet2.png in Resources */ = {isa = PBXBuildFile; fileRef = FAFA049F2610026D008D3E8F /* defenderBullet2.png */; };
		FAFA04BD2610026D008D3E8F /* shelter2.png in Resources */ = {isa = PBXBuildFile; fileRef = FAFA04A02610026D008D3E8F /* shelter2.png */; };
		FAFA04BE2610026D008D3E8F /* right-arrow.png in Resources */ = {isa = PBXBuildFile; fileRef = FAFA04A12610026D008D3E8F /* right-arrow.png */; };
		FAFA04BF2610026D008D3E8F /* rock.png in Resources */ = {isa = PBXBuildFile; fileRef = FAFA04A22610026D008D3E8F /* rock.png */; };
		FAFA04C02610026D008D3E8F /* goBack.png in Resources */ = {isa = PBXBuildFile; fileRef = FAFA04A32610026D008D3E8F /* goBack.png */; };
		FAFA04C12610026D008D3E8F /* StopMusic.png in Resources */ = {isa = PBXBuildFile; fileRef = FAFA04A42610026D008D3E8F /* StopMusic.png */; };
		FAFA04C22610026D008D3E8F /* spaceinvaders-background.mp3 in Resources */ = {isa = PBXBuildFile; fileRef = FAFA04A62610026D008D3E8F /* spaceinvaders-background.mp3 */; };
		FAFA04C32610026D008D3E8F /* artillery2.m4a in Resources */ = {isa = PBXBuildFile; fileRef = FAFA04A72610026D008D3E8F /* artillery2.m4a */; };
		FAFA04C42610026D008D3E8F /* crash.mp3 in Resources */ = {isa = PBXBuildFile; fileRef = FAFA04A82610026D008D3E8F /* crash.mp3 */; };
		FAFA04C52610026D008D3E8F /* invaderkilled.wav in Resources */ = {isa = PBXBuildFile; fileRef = FAFA04A92610026D008D3E8F /* invaderkilled.wav */; };
		FAFA04C62610026D008D3E8F /* crash.caf in Resources */ = {isa = PBXBuildFile; fileRef = FAFA04AA2610026D008D3E8F /* crash.caf */; };
		FAFA04C72610026D008D3E8F /* fastinvader1.wav in Resources */ = {isa = PBXBuildFile; fileRef = FAFA04AB2610026D008D3E8F /* fastinvader1.wav */; };
		FAFA04C82610026D008D3E8F /* scream.mp3 in Resources */ = {isa = PBXBuildFile; fileRef = FAFA04AC2610026D008D3E8F /* scream.mp3 */; };
		FAFA04C92610026D008D3E8F /* fastinvader3.wav in Resources */ = {isa = PBXBuildFile; fileRef = FAFA04AD2610026D008D3E8F /* fastinvader3.wav */; };
		FAFA04CA2610026D008D3E8F /* bullet-small.jpeg in Resources */ = {isa = PBXBuildFile; fileRef = FAFA04AE2610026D008D3E8F /* bullet-small.jpeg */; };
		FAFA04CB2610026D008D3E8F /* PlayMusic.png in Resources */ = {isa = PBXBuildFile; fileRef = FAFA04AF2610026D008D3E8F /* PlayMusic.png */; };
		FAFA04CC2610026D008D3E8F /* bullet-unit.jpeg in Resources */ = {isa = PBXBuildFile; fileRef = FAFA04B02610026D008D3E8F /* bullet-unit.jpeg */; };
		FAFA04CD2610026D008D3E8F /* right-arrow-unit.png in Resources */ = {isa = PBXBuildFile; fileRef = FAFA04B12610026D008D3E8F /* right-arrow-unit.png */; };
		FAFA04CE2610026D008D3E8F /* defender2.png in Resources */ = {isa = PBXBuildFile; fileRef = FAFA04B22610026D008D3E8F /* defender2.png */; };
		FAFA04CF2610026D008D3E8F /* explosion-small.png in Resources */ = {isa = PBXBuildFile; fileRef = FAFA04B32610026D008D3E8F /* explosion-small.png */; };
		FAFA04D02610026D008D3E8F /* left-arrow-unit.png in Resources */ = {isa = PBXBuildFile; fileRef = FAFA04B42610026D008D3E8F /* left-arrow-unit.png */; };
		FAFA04D12610026D008D3E8F /* InstructionButton.png in Resources */ = {isa = PBXBuildFile; fileRef = FAFA04B52610026D008D3E8F /* InstructionButton.png */; };
		FAFA04D22610026D008D3E8F /* PlayButton.png in Resources */ = {isa = PBXBuildFile; fileRef = FAFA04B62610026D008D3E8F /* PlayButton.png */; };
/* End PBXBuildFile section */

/* Begin PBXContainerItemProxy section */
		FAFA0475260FE80F008D3E8F /* PBXContainerItemProxy */ = {
			isa = PBXContainerItemProxy;
			containerPortal = FAFA0455260FE80E008D3E8F /* Project object */;
			proxyType = 1;
			remoteGlobalIDString = FAFA045C260FE80E008D3E8F;
			remoteInfo = cp469_Project;
		};
		FAFA0480260FE80F008D3E8F /* PBXContainerItemProxy */ = {
			isa = PBXContainerItemProxy;
			containerPortal = FAFA0455260FE80E008D3E8F /* Project object */;
			proxyType = 1;
			remoteGlobalIDString = FAFA045C260FE80E008D3E8F;
			remoteInfo = cp469_Project;
		};
/* End PBXContainerItemProxy section */

/* Begin PBXFileReference section */
		624173052613948700867B85 /* Temp.rtf */ = {isa = PBXFileReference; lastKnownFileType = text.rtf; path = Temp.rtf; sourceTree = "<group>"; };
		FAFA045D260FE80E008D3E8F /* cp469_Project.app */ = {isa = PBXFileReference; explicitFileType = wrapper.application; includeInIndex = 0; path = cp469_Project.app; sourceTree = BUILT_PRODUCTS_DIR; };
		FAFA0460260FE80E008D3E8F /* AppDelegate.swift */ = {isa = PBXFileReference; lastKnownFileType = sourcecode.swift; path = AppDelegate.swift; sourceTree = "<group>"; };
		FAFA0462260FE80E008D3E8F /* GameScene.sks */ = {isa = PBXFileReference; lastKnownFileType = file.sks; path = GameScene.sks; sourceTree = "<group>"; };
		FAFA0464260FE80E008D3E8F /* Actions.sks */ = {isa = PBXFileReference; lastKnownFileType = file.sks; path = Actions.sks; sourceTree = "<group>"; };
		FAFA0466260FE80E008D3E8F /* GameScene.swift */ = {isa = PBXFileReference; lastKnownFileType = sourcecode.swift; path = GameScene.swift; sourceTree = "<group>"; };
		FAFA0468260FE80E008D3E8F /* GameViewController.swift */ = {isa = PBXFileReference; lastKnownFileType = sourcecode.swift; path = GameViewController.swift; sourceTree = "<group>"; };
		FAFA046B260FE80E008D3E8F /* Base */ = {isa = PBXFileReference; lastKnownFileType = file.storyboard; name = Base; path = Base.lproj/Main.storyboard; sourceTree = "<group>"; };
		FAFA046D260FE80F008D3E8F /* Assets.xcassets */ = {isa = PBXFileReference; lastKnownFileType = folder.assetcatalog; path = Assets.xcassets; sourceTree = "<group>"; };
		FAFA046F260FE80F008D3E8F /* Info.plist */ = {isa = PBXFileReference; lastKnownFileType = text.plist.xml; path = Info.plist; sourceTree = "<group>"; };
		FAFA0474260FE80F008D3E8F /* cp469_ProjectTests.xctest */ = {isa = PBXFileReference; explicitFileType = wrapper.cfbundle; includeInIndex = 0; path = cp469_ProjectTests.xctest; sourceTree = BUILT_PRODUCTS_DIR; };
		FAFA0478260FE80F008D3E8F /* cp469_ProjectTests.swift */ = {isa = PBXFileReference; lastKnownFileType = sourcecode.swift; path = cp469_ProjectTests.swift; sourceTree = "<group>"; };
		FAFA047A260FE80F008D3E8F /* Info.plist */ = {isa = PBXFileReference; lastKnownFileType = text.plist.xml; path = Info.plist; sourceTree = "<group>"; };
		FAFA047F260FE80F008D3E8F /* cp469_ProjectUITests.xctest */ = {isa = PBXFileReference; explicitFileType = wrapper.cfbundle; includeInIndex = 0; path = cp469_ProjectUITests.xctest; sourceTree = BUILT_PRODUCTS_DIR; };
		FAFA0483260FE80F008D3E8F /* cp469_ProjectUITests.swift */ = {isa = PBXFileReference; lastKnownFileType = sourcecode.swift; path = cp469_ProjectUITests.swift; sourceTree = "<group>"; };
		FAFA0485260FE80F008D3E8F /* Info.plist */ = {isa = PBXFileReference; lastKnownFileType = text.plist.xml; path = Info.plist; sourceTree = "<group>"; };
		FAFA049426100196008D3E8F /* PhysicsCategory.swift */ = {isa = PBXFileReference; fileEncoding = 4; lastKnownFileType = sourcecode.swift; path = PhysicsCategory.swift; sourceTree = "<group>"; };
		FAFA049A2610026D008D3E8F /* left-arrow.png */ = {isa = PBXFileReference; lastKnownFileType = image.png; path = "left-arrow.png"; sourceTree = "<group>"; };
		FAFA049B2610026D008D3E8F /* scream.png */ = {isa = PBXFileReference; lastKnownFileType = image.png; path = scream.png; sourceTree = "<group>"; };
		FAFA049C2610026D008D3E8F /* Spaceship.png */ = {isa = PBXFileReference; lastKnownFileType = image.png; path = Spaceship.png; sourceTree = "<group>"; };
		FAFA049D2610026D008D3E8F /* bullet.jpeg */ = {isa = PBXFileReference; lastKnownFileType = image.jpeg; path = bullet.jpeg; sourceTree = "<group>"; };
		FAFA049E2610026D008D3E8F /* space-invader-small.png */ = {isa = PBXFileReference; lastKnownFileType = image.png; path = "space-invader-small.png"; sourceTree = "<group>"; };
		FAFA049F2610026D008D3E8F /* defenderBullet2.png */ = {isa = PBXFileReference; lastKnownFileType = image.png; path = defenderBullet2.png; sourceTree = "<group>"; };
		FAFA04A02610026D008D3E8F /* shelter2.png */ = {isa = PBXFileReference; lastKnownFileType = image.png; path = shelter2.png; sourceTree = "<group>"; };
		FAFA04A12610026D008D3E8F /* right-arrow.png */ = {isa = PBXFileReference; lastKnownFileType = image.png; path = "right-arrow.png"; sourceTree = "<group>"; };
		FAFA04A22610026D008D3E8F /* rock.png */ = {isa = PBXFileReference; lastKnownFileType = image.png; path = rock.png; sourceTree = "<group>"; };
		FAFA04A32610026D008D3E8F /* goBack.png */ = {isa = PBXFileReference; lastKnownFileType = image.png; path = goBack.png; sourceTree = "<group>"; };
		FAFA04A42610026D008D3E8F /* StopMusic.png */ = {isa = PBXFileReference; lastKnownFileType = image.png; path = StopMusic.png; sourceTree = "<group>"; };
		FAFA04A62610026D008D3E8F /* spaceinvaders-background.mp3 */ = {isa = PBXFileReference; lastKnownFileType = audio.mp3; path = "spaceinvaders-background.mp3"; sourceTree = "<group>"; };
		FAFA04A72610026D008D3E8F /* artillery2.m4a */ = {isa = PBXFileReference; lastKnownFileType = file; path = artillery2.m4a; sourceTree = "<group>"; };
		FAFA04A82610026D008D3E8F /* crash.mp3 */ = {isa = PBXFileReference; lastKnownFileType = audio.mp3; path = crash.mp3; sourceTree = "<group>"; };
		FAFA04A92610026D008D3E8F /* invaderkilled.wav */ = {isa = PBXFileReference; lastKnownFileType = audio.wav; path = invaderkilled.wav; sourceTree = "<group>"; };
		FAFA04AA2610026D008D3E8F /* crash.caf */ = {isa = PBXFileReference; lastKnownFileType = file; path = crash.caf; sourceTree = "<group>"; };
		FAFA04AB2610026D008D3E8F /* fastinvader1.wav */ = {isa = PBXFileReference; lastKnownFileType = audio.wav; path = fastinvader1.wav; sourceTree = "<group>"; };
		FAFA04AC2610026D008D3E8F /* scream.mp3 */ = {isa = PBXFileReference; lastKnownFileType = audio.mp3; path = scream.mp3; sourceTree = "<group>"; };
		FAFA04AD2610026D008D3E8F /* fastinvader3.wav */ = {isa = PBXFileReference; lastKnownFileType = audio.wav; path = fastinvader3.wav; sourceTree = "<group>"; };
		FAFA04AE2610026D008D3E8F /* bullet-small.jpeg */ = {isa = PBXFileReference; lastKnownFileType = image.jpeg; path = "bullet-small.jpeg"; sourceTree = "<group>"; };
		FAFA04AF2610026D008D3E8F /* PlayMusic.png */ = {isa = PBXFileReference; lastKnownFileType = image.png; path = PlayMusic.png; sourceTree = "<group>"; };
		FAFA04B02610026D008D3E8F /* bullet-unit.jpeg */ = {isa = PBXFileReference; lastKnownFileType = image.jpeg; path = "bullet-unit.jpeg"; sourceTree = "<group>"; };
		FAFA04B12610026D008D3E8F /* right-arrow-unit.png */ = {isa = PBXFileReference; lastKnownFileType = image.png; path = "right-arrow-unit.png"; sourceTree = "<group>"; };
		FAFA04B22610026D008D3E8F /* defender2.png */ = {isa = PBXFileReference; lastKnownFileType = image.png; path = defender2.png; sourceTree = "<group>"; };
		FAFA04B32610026D008D3E8F /* explosion-small.png */ = {isa = PBXFileReference; lastKnownFileType = image.png; path = "explosion-small.png"; sourceTree = "<group>"; };
		FAFA04B42610026D008D3E8F /* left-arrow-unit.png */ = {isa = PBXFileReference; lastKnownFileType = image.png; path = "left-arrow-unit.png"; sourceTree = "<group>"; };
		FAFA04B52610026D008D3E8F /* InstructionButton.png */ = {isa = PBXFileReference; lastKnownFileType = image.png; path = InstructionButton.png; sourceTree = "<group>"; };
		FAFA04B62610026D008D3E8F /* PlayButton.png */ = {isa = PBXFileReference; lastKnownFileType = image.png; path = PlayButton.png; sourceTree = "<group>"; };
/* End PBXFileReference section */

/* Begin PBXFrameworksBuildPhase section */
		FAFA045A260FE80E008D3E8F /* Frameworks */ = {
			isa = PBXFrameworksBuildPhase;
			buildActionMask = 2147483647;
			files = (
			);
			runOnlyForDeploymentPostprocessing = 0;
		};
		FAFA0471260FE80F008D3E8F /* Frameworks */ = {
			isa = PBXFrameworksBuildPhase;
			buildActionMask = 2147483647;
			files = (
			);
			runOnlyForDeploymentPostprocessing = 0;
		};
		FAFA047C260FE80F008D3E8F /* Frameworks */ = {
			isa = PBXFrameworksBuildPhase;
			buildActionMask = 2147483647;
			files = (
			);
			runOnlyForDeploymentPostprocessing = 0;
		};
/* End PBXFrameworksBuildPhase section */

/* Begin PBXGroup section */
		FAFA0454260FE80E008D3E8F = {
			isa = PBXGroup;
			children = (
				FAFA045F260FE80E008D3E8F /* cp469_Project */,
				FAFA0477260FE80F008D3E8F /* cp469_ProjectTests */,
				FAFA0482260FE80F008D3E8F /* cp469_ProjectUITests */,
				FAFA045E260FE80E008D3E8F /* Products */,
			);
			sourceTree = "<group>";
		};
		FAFA045E260FE80E008D3E8F /* Products */ = {
			isa = PBXGroup;
			children = (
				FAFA045D260FE80E008D3E8F /* cp469_Project.app */,
				FAFA0474260FE80F008D3E8F /* cp469_ProjectTests.xctest */,
				FAFA047F260FE80F008D3E8F /* cp469_ProjectUITests.xctest */,
			);
			name = Products;
			sourceTree = "<group>";
		};
		FAFA045F260FE80E008D3E8F /* cp469_Project */ = {
			isa = PBXGroup;
			children = (
				FAFA0460260FE80E008D3E8F /* AppDelegate.swift */,
				FAFA04992610026D008D3E8F /* resources */,
				FAFA0462260FE80E008D3E8F /* GameScene.sks */,
				FAFA0464260FE80E008D3E8F /* Actions.sks */,
				FAFA049426100196008D3E8F /* PhysicsCategory.swift */,
				624173052613948700867B85 /* Temp.rtf */,
				FAFA0466260FE80E008D3E8F /* GameScene.swift */,
				FAFA0468260FE80E008D3E8F /* GameViewController.swift */,
				FAFA046A260FE80E008D3E8F /* Main.storyboard */,
				FAFA046D260FE80F008D3E8F /* Assets.xcassets */,
				FAFA046F260FE80F008D3E8F /* Info.plist */,
			);
			path = cp469_Project;
			sourceTree = "<group>";
		};
		FAFA0477260FE80F008D3E8F /* cp469_ProjectTests */ = {
			isa = PBXGroup;
			children = (
				FAFA0478260FE80F008D3E8F /* cp469_ProjectTests.swift */,
				FAFA047A260FE80F008D3E8F /* Info.plist */,
			);
			path = cp469_ProjectTests;
			sourceTree = "<group>";
		};
		FAFA0482260FE80F008D3E8F /* cp469_ProjectUITests */ = {
			isa = PBXGroup;
			children = (
				FAFA0483260FE80F008D3E8F /* cp469_ProjectUITests.swift */,
				FAFA0485260FE80F008D3E8F /* Info.plist */,
			);
			path = cp469_ProjectUITests;
			sourceTree = "<group>";
		};
		FAFA04992610026D008D3E8F /* resources */ = {
			isa = PBXGroup;
			children = (
				FAFA049A2610026D008D3E8F /* left-arrow.png */,
				FAFA049B2610026D008D3E8F /* scream.png */,
				FAFA049C2610026D008D3E8F /* Spaceship.png */,
				FAFA049D2610026D008D3E8F /* bullet.jpeg */,
				FAFA049E2610026D008D3E8F /* space-invader-small.png */,
				FAFA049F2610026D008D3E8F /* defenderBullet2.png */,
				FAFA04A02610026D008D3E8F /* shelter2.png */,
				FAFA04A12610026D008D3E8F /* right-arrow.png */,
				FAFA04A22610026D008D3E8F /* rock.png */,
				FAFA04A32610026D008D3E8F /* goBack.png */,
				FAFA04A42610026D008D3E8F /* StopMusic.png */,
				FAFA04A52610026D008D3E8F /* Sounds */,
				FAFA04AE2610026D008D3E8F /* bullet-small.jpeg */,
				FAFA04AF2610026D008D3E8F /* PlayMusic.png */,
				FAFA04B02610026D008D3E8F /* bullet-unit.jpeg */,
				FAFA04B12610026D008D3E8F /* right-arrow-unit.png */,
				FAFA04B22610026D008D3E8F /* defender2.png */,
				FAFA04B32610026D008D3E8F /* explosion-small.png */,
				FAFA04B42610026D008D3E8F /* left-arrow-unit.png */,
				FAFA04B52610026D008D3E8F /* InstructionButton.png */,
				FAFA04B62610026D008D3E8F /* PlayButton.png */,
			);
			path = resources;
			sourceTree = "<group>";
		};
		FAFA04A52610026D008D3E8F /* Sounds */ = {
			isa = PBXGroup;
			children = (
				FAFA04A62610026D008D3E8F /* spaceinvaders-background.mp3 */,
				FAFA04A72610026D008D3E8F /* artillery2.m4a */,
				FAFA04A82610026D008D3E8F /* crash.mp3 */,
				FAFA04A92610026D008D3E8F /* invaderkilled.wav */,
				FAFA04AA2610026D008D3E8F /* crash.caf */,
				FAFA04AB2610026D008D3E8F /* fastinvader1.wav */,
				FAFA04AC2610026D008D3E8F /* scream.mp3 */,
				FAFA04AD2610026D008D3E8F /* fastinvader3.wav */,
			);
			path = Sounds;
			sourceTree = "<group>";
		};
/* End PBXGroup section */

/* Begin PBXNativeTarget section */
		FAFA045C260FE80E008D3E8F /* cp469_Project */ = {
			isa = PBXNativeTarget;
			buildConfigurationList = FAFA0488260FE80F008D3E8F /* Build configuration list for PBXNativeTarget "cp469_Project" */;
			buildPhases = (
				FAFA0459260FE80E008D3E8F /* Sources */,
				FAFA045A260FE80E008D3E8F /* Frameworks */,
				FAFA045B260FE80E008D3E8F /* Resources */,
			);
			buildRules = (
			);
			dependencies = (
			);
			name = cp469_Project;
			productName = cp469_Project;
			productReference = FAFA045D260FE80E008D3E8F /* cp469_Project.app */;
			productType = "com.apple.product-type.application";
		};
		FAFA0473260FE80F008D3E8F /* cp469_ProjectTests */ = {
			isa = PBXNativeTarget;
			buildConfigurationList = FAFA048B260FE80F008D3E8F /* Build configuration list for PBXNativeTarget "cp469_ProjectTests" */;
			buildPhases = (
				FAFA0470260FE80F008D3E8F /* Sources */,
				FAFA0471260FE80F008D3E8F /* Frameworks */,
				FAFA0472260FE80F008D3E8F /* Resources */,
			);
			buildRules = (
			);
			dependencies = (
				FAFA0476260FE80F008D3E8F /* PBXTargetDependency */,
			);
			name = cp469_ProjectTests;
			productName = cp469_ProjectTests;
			productReference = FAFA0474260FE80F008D3E8F /* cp469_ProjectTests.xctest */;
			productType = "com.apple.product-type.bundle.unit-test";
		};
		FAFA047E260FE80F008D3E8F /* cp469_ProjectUITests */ = {
			isa = PBXNativeTarget;
			buildConfigurationList = FAFA048E260FE80F008D3E8F /* Build configuration list for PBXNativeTarget "cp469_ProjectUITests" */;
			buildPhases = (
				FAFA047B260FE80F008D3E8F /* Sources */,
				FAFA047C260FE80F008D3E8F /* Frameworks */,
				FAFA047D260FE80F008D3E8F /* Resources */,
			);
			buildRules = (
			);
			dependencies = (
				FAFA0481260FE80F008D3E8F /* PBXTargetDependency */,
			);
			name = cp469_ProjectUITests;
			productName = cp469_ProjectUITests;
			productReference = FAFA047F260FE80F008D3E8F /* cp469_ProjectUITests.xctest */;
			productType = "com.apple.product-type.bundle.ui-testing";
		};
/* End PBXNativeTarget section */

/* Begin PBXProject section */
		FAFA0455260FE80E008D3E8F /* Project object */ = {
			isa = PBXProject;
			attributes = {
				LastSwiftUpdateCheck = 1240;
				LastUpgradeCheck = 1240;
				TargetAttributes = {
					FAFA045C260FE80E008D3E8F = {
						CreatedOnToolsVersion = 12.4;
					};
					FAFA0473260FE80F008D3E8F = {
						CreatedOnToolsVersion = 12.4;
						TestTargetID = FAFA045C260FE80E008D3E8F;
					};
					FAFA047E260FE80F008D3E8F = {
						CreatedOnToolsVersion = 12.4;
						TestTargetID = FAFA045C260FE80E008D3E8F;
					};
				};
			};
			buildConfigurationList = FAFA0458260FE80E008D3E8F /* Build configuration list for PBXProject "cp469_Project" */;
			compatibilityVersion = "Xcode 9.3";
			developmentRegion = en;
			hasScannedForEncodings = 0;
			knownRegions = (
				en,
				Base,
			);
			mainGroup = FAFA0454260FE80E008D3E8F;
			productRefGroup = FAFA045E260FE80E008D3E8F /* Products */;
			projectDirPath = "";
			projectRoot = "";
			targets = (
				FAFA045C260FE80E008D3E8F /* cp469_Project */,
				FAFA0473260FE80F008D3E8F /* cp469_ProjectTests */,
				FAFA047E260FE80F008D3E8F /* cp469_ProjectUITests */,
			);
		};
/* End PBXProject section */

/* Begin PBXResourcesBuildPhase section */
		FAFA045B260FE80E008D3E8F /* Resources */ = {
			isa = PBXResourcesBuildPhase;
			buildActionMask = 2147483647;
			files = (
				FAFA04C42610026D008D3E8F /* crash.mp3 in Resources */,
				FAFA04C92610026D008D3E8F /* fastinvader3.wav in Resources */,
				FAFA04BB2610026D008D3E8F /* space-invader-small.png in Resources */,
				FAFA04CF2610026D008D3E8F /* explosion-small.png in Resources */,
				FAFA04CA2610026D008D3E8F /* bullet-small.jpeg in Resources */,
				FAFA04B92610026D008D3E8F /* Spaceship.png in Resources */,
				FAFA046C260FE80E008D3E8F /* Main.storyboard in Resources */,
				FAFA0463260FE80E008D3E8F /* GameScene.sks in Resources */,
				FAFA04C82610026D008D3E8F /* scream.mp3 in Resources */,
				FAFA046E260FE80F008D3E8F /* Assets.xcassets in Resources */,
				FAFA04D02610026D008D3E8F /* left-arrow-unit.png in Resources */,
				FAFA04D12610026D008D3E8F /* InstructionButton.png in Resources */,
				FAFA04C12610026D008D3E8F /* StopMusic.png in Resources */,
				FAFA04C52610026D008D3E8F /* invaderkilled.wav in Resources */,
				624173062613948700867B85 /* Temp.rtf in Resources */,
				FAFA04CC2610026D008D3E8F /* bullet-unit.jpeg in Resources */,
				FAFA04BC2610026D008D3E8F /* defenderBullet2.png in Resources */,
				FAFA0465260FE80E008D3E8F /* Actions.sks in Resources */,
				FAFA04C62610026D008D3E8F /* crash.caf in Resources */,
				FAFA04C32610026D008D3E8F /* artillery2.m4a in Resources */,
				FAFA04D22610026D008D3E8F /* PlayButton.png in Resources */,
				FAFA04BD2610026D008D3E8F /* shelter2.png in Resources */,
				FAFA04C02610026D008D3E8F /* goBack.png in Resources */,
				FAFA04BE2610026D008D3E8F /* right-arrow.png in Resources */,
				FAFA04C72610026D008D3E8F /* fastinvader1.wav in Resources */,
				FAFA04B82610026D008D3E8F /* scream.png in Resources */,
				FAFA04BF2610026D008D3E8F /* rock.png in Resources */,
				FAFA04CB2610026D008D3E8F /* PlayMusic.png in Resources */,
				FAFA04CE2610026D008D3E8F /* defender2.png in Resources */,
				FAFA04B72610026D008D3E8F /* left-arrow.png in Resources */,
				FAFA04CD2610026D008D3E8F /* right-arrow-unit.png in Resources */,
				FAFA04BA2610026D008D3E8F /* bullet.jpeg in Resources */,
				FAFA04C22610026D008D3E8F /* spaceinvaders-background.mp3 in Resources */,
			);
			runOnlyForDeploymentPostprocessing = 0;
		};
		FAFA0472260FE80F008D3E8F /* Resources */ = {
			isa = PBXResourcesBuildPhase;
			buildActionMask = 2147483647;
			files = (
			);
			runOnlyForDeploymentPostprocessing = 0;
		};
		FAFA047D260FE80F008D3E8F /* Resources */ = {
			isa = PBXResourcesBuildPhase;
			buildActionMask = 2147483647;
			files = (
			);
			runOnlyForDeploymentPostprocessing = 0;
		};
/* End PBXResourcesBuildPhase section */

/* Begin PBXSourcesBuildPhase section */
		FAFA0459260FE80E008D3E8F /* Sources */ = {
			isa = PBXSourcesBuildPhase;
			buildActionMask = 2147483647;
			files = (
				FAFA0467260FE80E008D3E8F /* GameScene.swift in Sources */,
				FAFA049526100196008D3E8F /* PhysicsCategory.swift in Sources */,
				FAFA0469260FE80E008D3E8F /* GameViewController.swift in Sources */,
				FAFA0461260FE80E008D3E8F /* AppDelegate.swift in Sources */,
			);
			runOnlyForDeploymentPostprocessing = 0;
		};
		FAFA0470260FE80F008D3E8F /* Sources */ = {
			isa = PBXSourcesBuildPhase;
			buildActionMask = 2147483647;
			files = (
				FAFA0479260FE80F008D3E8F /* cp469_ProjectTests.swift in Sources */,
			);
			runOnlyForDeploymentPostprocessing = 0;
		};
		FAFA047B260FE80F008D3E8F /* Sources */ = {
			isa = PBXSourcesBuildPhase;
			buildActionMask = 2147483647;
			files = (
				FAFA0484260FE80F008D3E8F /* cp469_ProjectUITests.swift in Sources */,
			);
			runOnlyForDeploymentPostprocessing = 0;
		};
/* End PBXSourcesBuildPhase section */

/* Begin PBXTargetDependency section */
		FAFA0476260FE80F008D3E8F /* PBXTargetDependency */ = {
			isa = PBXTargetDependency;
			target = FAFA045C260FE80E008D3E8F /* cp469_Project */;
			targetProxy = FAFA0475260FE80F008D3E8F /* PBXContainerItemProxy */;
		};
		FAFA0481260FE80F008D3E8F /* PBXTargetDependency */ = {
			isa = PBXTargetDependency;
			target = FAFA045C260FE80E008D3E8F /* cp469_Project */;
			targetProxy = FAFA0480260FE80F008D3E8F /* PBXContainerItemProxy */;
		};
/* End PBXTargetDependency section */

/* Begin PBXVariantGroup section */
		FAFA046A260FE80E008D3E8F /* Main.storyboard */ = {
			isa = PBXVariantGroup;
			children = (
				FAFA046B260FE80E008D3E8F /* Base */,
			);
			name = Main.storyboard;
			sourceTree = "<group>";
		};
/* End PBXVariantGroup section */

/* Begin XCBuildConfiguration section */
		FAFA0486260FE80F008D3E8F /* Debug */ = {
			isa = XCBuildConfiguration;
			buildSettings = {
				ALWAYS_SEARCH_USER_PATHS = NO;
				CLANG_ANALYZER_NONNULL = YES;
				CLANG_ANALYZER_NUMBER_OBJECT_CONVERSION = YES_AGGRESSIVE;
				CLANG_CXX_LANGUAGE_STANDARD = "gnu++14";
				CLANG_CXX_LIBRARY = "libc++";
				CLANG_ENABLE_MODULES = YES;
				CLANG_ENABLE_OBJC_ARC = YES;
				CLANG_ENABLE_OBJC_WEAK = YES;
				CLANG_WARN_BLOCK_CAPTURE_AUTORELEASING = YES;
				CLANG_WARN_BOOL_CONVERSION = YES;
				CLANG_WARN_COMMA = YES;
				CLANG_WARN_CONSTANT_CONVERSION = YES;
				CLANG_WARN_DEPRECATED_OBJC_IMPLEMENTATIONS = YES;
				CLANG_WARN_DIRECT_OBJC_ISA_USAGE = YES_ERROR;
				CLANG_WARN_DOCUMENTATION_COMMENTS = YES;
				CLANG_WARN_EMPTY_BODY = YES;
				CLANG_WARN_ENUM_CONVERSION = YES;
				CLANG_WARN_INFINITE_RECURSION = YES;
				CLANG_WARN_INT_CONVERSION = YES;
				CLANG_WARN_NON_LITERAL_NULL_CONVERSION = YES;
				CLANG_WARN_OBJC_IMPLICIT_RETAIN_SELF = YES;
				CLANG_WARN_OBJC_LITERAL_CONVERSION = YES;
				CLANG_WARN_OBJC_ROOT_CLASS = YES_ERROR;
				CLANG_WARN_QUOTED_INCLUDE_IN_FRAMEWORK_HEADER = YES;
				CLANG_WARN_RANGE_LOOP_ANALYSIS = YES;
				CLANG_WARN_STRICT_PROTOTYPES = YES;
				CLANG_WARN_SUSPICIOUS_MOVE = YES;
				CLANG_WARN_UNGUARDED_AVAILABILITY = YES_AGGRESSIVE;
				CLANG_WARN_UNREACHABLE_CODE = YES;
				CLANG_WARN__DUPLICATE_METHOD_MATCH = YES;
				COPY_PHASE_STRIP = NO;
				DEBUG_INFORMATION_FORMAT = dwarf;
				ENABLE_STRICT_OBJC_MSGSEND = YES;
				ENABLE_TESTABILITY = YES;
				GCC_C_LANGUAGE_STANDARD = gnu11;
				GCC_DYNAMIC_NO_PIC = NO;
				GCC_NO_COMMON_BLOCKS = YES;
				GCC_OPTIMIZATION_LEVEL = 0;
				GCC_PREPROCESSOR_DEFINITIONS = (
					"DEBUG=1",
					"$(inherited)",
				);
				GCC_WARN_64_TO_32_BIT_CONVERSION = YES;
				GCC_WARN_ABOUT_RETURN_TYPE = YES_ERROR;
				GCC_WARN_UNDECLARED_SELECTOR = YES;
				GCC_WARN_UNINITIALIZED_AUTOS = YES_AGGRESSIVE;
				GCC_WARN_UNUSED_FUNCTION = YES;
				GCC_WARN_UNUSED_VARIABLE = YES;
				IPHONEOS_DEPLOYMENT_TARGET = 14.4;
				MTL_ENABLE_DEBUG_INFO = INCLUDE_SOURCE;
				MTL_FAST_MATH = YES;
				ONLY_ACTIVE_ARCH = YES;
				SDKROOT = iphoneos;
				SWIFT_ACTIVE_COMPILATION_CONDITIONS = DEBUG;
				SWIFT_OPTIMIZATION_LEVEL = "-Onone";
			};
			name = Debug;
		};
		FAFA0487260FE80F008D3E8F /* Release */ = {
			isa = XCBuildConfiguration;
			buildSettings = {
				ALWAYS_SEARCH_USER_PATHS = NO;
				CLANG_ANALYZER_NONNULL = YES;
				CLANG_ANALYZER_NUMBER_OBJECT_CONVERSION = YES_AGGRESSIVE;
				CLANG_CXX_LANGUAGE_STANDARD = "gnu++14";
				CLANG_CXX_LIBRARY = "libc++";
				CLANG_ENABLE_MODULES = YES;
				CLANG_ENABLE_OBJC_ARC = YES;
				CLANG_ENABLE_OBJC_WEAK = YES;
				CLANG_WARN_BLOCK_CAPTURE_AUTORELEASING = YES;
				CLANG_WARN_BOOL_CONVERSION = YES;
				CLANG_WARN_COMMA = YES;
				CLANG_WARN_CONSTANT_CONVERSION = YES;
				CLANG_WARN_DEPRECATED_OBJC_IMPLEMENTATIONS = YES;
				CLANG_WARN_DIRECT_OBJC_ISA_USAGE = YES_ERROR;
				CLANG_WARN_DOCUMENTATION_COMMENTS = YES;
				CLANG_WARN_EMPTY_BODY = YES;
				CLANG_WARN_ENUM_CONVERSION = YES;
				CLANG_WARN_INFINITE_RECURSION = YES;
				CLANG_WARN_INT_CONVERSION = YES;
				CLANG_WARN_NON_LITERAL_NULL_CONVERSION = YES;
				CLANG_WARN_OBJC_IMPLICIT_RETAIN_SELF = YES;
				CLANG_WARN_OBJC_LITERAL_CONVERSION = YES;
				CLANG_WARN_OBJC_ROOT_CLASS = YES_ERROR;
				CLANG_WARN_QUOTED_INCLUDE_IN_FRAMEWORK_HEADER = YES;
				CLANG_WARN_RANGE_LOOP_ANALYSIS = YES;
				CLANG_WARN_STRICT_PROTOTYPES = YES;
				CLANG_WARN_SUSPICIOUS_MOVE = YES;
				CLANG_WARN_UNGUARDED_AVAILABILITY = YES_AGGRESSIVE;
				CLANG_WARN_UNREACHABLE_CODE = YES;
				CLANG_WARN__DUPLICATE_METHOD_MATCH = YES;
				COPY_PHASE_STRIP = NO;
				DEBUG_INFORMATION_FORMAT = "dwarf-with-dsym";
				ENABLE_NS_ASSERTIONS = NO;
				ENABLE_STRICT_OBJC_MSGSEND = YES;
				GCC_C_LANGUAGE_STANDARD = gnu11;
				GCC_NO_COMMON_BLOCKS = YES;
				GCC_WARN_64_TO_32_BIT_CONVERSION = YES;
				GCC_WARN_ABOUT_RETURN_TYPE = YES_ERROR;
				GCC_WARN_UNDECLARED_SELECTOR = YES;
				GCC_WARN_UNINITIALIZED_AUTOS = YES_AGGRESSIVE;
				GCC_WARN_UNUSED_FUNCTION = YES;
				GCC_WARN_UNUSED_VARIABLE = YES;
				IPHONEOS_DEPLOYMENT_TARGET = 14.4;
				MTL_ENABLE_DEBUG_INFO = NO;
				MTL_FAST_MATH = YES;
				SDKROOT = iphoneos;
				SWIFT_COMPILATION_MODE = wholemodule;
				SWIFT_OPTIMIZATION_LEVEL = "-O";
				VALIDATE_PRODUCT = YES;
			};
			name = Release;
		};
		FAFA0489260FE80F008D3E8F /* Debug */ = {
			isa = XCBuildConfiguration;
			buildSettings = {
				ASSETCATALOG_COMPILER_APPICON_NAME = AppIcon;
				ASSETCATALOG_COMPILER_GLOBAL_ACCENT_COLOR_NAME = AccentColor;
				CODE_SIGN_STYLE = Automatic;
				INFOPLIST_FILE = cp469_Project/Info.plist;
				LD_RUNPATH_SEARCH_PATHS = (
					"$(inherited)",
					"@executable_path/Frameworks",
				);
				PRODUCT_BUNDLE_IDENTIFIER = "burs5200-a1.cp469-Project";
				PRODUCT_NAME = "$(TARGET_NAME)";
				SWIFT_VERSION = 5.0;
				TARGETED_DEVICE_FAMILY = "1,2";
			};
			name = Debug;
		};
		FAFA048A260FE80F008D3E8F /* Release */ = {
			isa = XCBuildConfiguration;
			buildSettings = {
				ASSETCATALOG_COMPILER_APPICON_NAME = AppIcon;
				ASSETCATALOG_COMPILER_GLOBAL_ACCENT_COLOR_NAME = AccentColor;
				CODE_SIGN_STYLE = Automatic;
				INFOPLIST_FILE = cp469_Project/Info.plist;
				LD_RUNPATH_SEARCH_PATHS = (
					"$(inherited)",
					"@executable_path/Frameworks",
				);
				PRODUCT_BUNDLE_IDENTIFIER = "burs5200-a1.cp469-Project";
				PRODUCT_NAME = "$(TARGET_NAME)";
				SWIFT_VERSION = 5.0;
				TARGETED_DEVICE_FAMILY = "1,2";
			};
			name = Release;
		};
		FAFA048C260FE80F008D3E8F /* Debug */ = {
			isa = XCBuildConfiguration;
			buildSettings = {
				ALWAYS_EMBED_SWIFT_STANDARD_LIBRARIES = YES;
				BUNDLE_LOADER = "$(TEST_HOST)";
				CODE_SIGN_STYLE = Automatic;
				INFOPLIST_FILE = cp469_ProjectTests/Info.plist;
				IPHONEOS_DEPLOYMENT_TARGET = 14.4;
				LD_RUNPATH_SEARCH_PATHS = (
					"$(inherited)",
					"@executable_path/Frameworks",
					"@loader_path/Frameworks",
				);
				PRODUCT_BUNDLE_IDENTIFIER = "burs5200-a1.cp469-ProjectTests";
				PRODUCT_NAME = "$(TARGET_NAME)";
				SWIFT_VERSION = 5.0;
				TARGETED_DEVICE_FAMILY = "1,2";
				TEST_HOST = "$(BUILT_PRODUCTS_DIR)/cp469_Project.app/cp469_Project";
			};
			name = Debug;
		};
		FAFA048D260FE80F008D3E8F /* Release */ = {
			isa = XCBuildConfiguration;
			buildSettings = {
				ALWAYS_EMBED_SWIFT_STANDARD_LIBRARIES = YES;
				BUNDLE_LOADER = "$(TEST_HOST)";
				CODE_SIGN_STYLE = Automatic;
				INFOPLIST_FILE = cp469_ProjectTests/Info.plist;
				IPHONEOS_DEPLOYMENT_TARGET = 14.4;
				LD_RUNPATH_SEARCH_PATHS = (
					"$(inherited)",
					"@executable_path/Frameworks",
					"@loader_path/Frameworks",
				);
				PRODUCT_BUNDLE_IDENTIFIER = "burs5200-a1.cp469-ProjectTests";
				PRODUCT_NAME = "$(TARGET_NAME)";
				SWIFT_VERSION = 5.0;
				TARGETED_DEVICE_FAMILY = "1,2";
				TEST_HOST = "$(BUILT_PRODUCTS_DIR)/cp469_Project.app/cp469_Project";
			};
			name = Release;
		};
		FAFA048F260FE80F008D3E8F /* Debug */ = {
			isa = XCBuildConfiguration;
			buildSettings = {
				ALWAYS_EMBED_SWIFT_STANDARD_LIBRARIES = YES;
				CODE_SIGN_STYLE = Automatic;
				INFOPLIST_FILE = cp469_ProjectUITests/Info.plist;
				LD_RUNPATH_SEARCH_PATHS = (
					"$(inherited)",
					"@executable_path/Frameworks",
					"@loader_path/Frameworks",
				);
				PRODUCT_BUNDLE_IDENTIFIER = "burs5200-a1.cp469-ProjectUITests";
				PRODUCT_NAME = "$(TARGET_NAME)";
				SWIFT_VERSION = 5.0;
				TARGETED_DEVICE_FAMILY = "1,2";
				TEST_TARGET_NAME = cp469_Project;
			};
			name = Debug;
		};
		FAFA0490260FE80F008D3E8F /* Release */ = {
			isa = XCBuildConfiguration;
			buildSettings = {
				ALWAYS_EMBED_SWIFT_STANDARD_LIBRARIES = YES;
				CODE_SIGN_STYLE = Automatic;
				INFOPLIST_FILE = cp469_ProjectUITests/Info.plist;
				LD_RUNPATH_SEARCH_PATHS = (
					"$(inherited)",
					"@executable_path/Frameworks",
					"@loader_path/Frameworks",
				);
				PRODUCT_BUNDLE_IDENTIFIER = "burs5200-a1.cp469-ProjectUITests";
				PRODUCT_NAME = "$(TARGET_NAME)";
				SWIFT_VERSION = 5.0;
				TARGETED_DEVICE_FAMILY = "1,2";
				TEST_TARGET_NAME = cp469_Project;
			};
			name = Release;
		};
/* End XCBuildConfiguration section */

/* Begin XCConfigurationList section */
		FAFA0458260FE80E008D3E8F /* Build configuration list for PBXProject "cp469_Project" */ = {
			isa = XCConfigurationList;
			buildConfigurations = (
				FAFA0486260FE80F008D3E8F /* Debug */,
				FAFA0487260FE80F008D3E8F /* Release */,
			);
			defaultConfigurationIsVisible = 0;
			defaultConfigurationName = Release;
		};
		FAFA0488260FE80F008D3E8F /* Build configuration list for PBXNativeTarget "cp469_Project" */ = {
			isa = XCConfigurationList;
			buildConfigurations = (
				FAFA0489260FE80F008D3E8F /* Debug */,
				FAFA048A260FE80F008D3E8F /* Release */,
			);
			defaultConfigurationIsVisible = 0;
			defaultConfigurationName = Release;
		};
		FAFA048B260FE80F008D3E8F /* Build configuration list for PBXNativeTarget "cp469_ProjectTests" */ = {
			isa = XCConfigurationList;
			buildConfigurations = (
				FAFA048C260FE80F008D3E8F /* Debug */,
				FAFA048D260FE80F008D3E8F /* Release */,
			);
			defaultConfigurationIsVisible = 0;
			defaultConfigurationName = Release;
		};
		FAFA048E260FE80F008D3E8F /* Build configuration list for PBXNativeTarget "cp469_ProjectUITests" */ = {
			isa = XCConfigurationList;
			buildConfigurations = (
				FAFA048F260FE80F008D3E8F /* Debug */,
				FAFA0490260FE80F008D3E8F /* Release */,
			);
			defaultConfigurationIsVisible = 0;
			defaultConfigurationName = Release;
		};
/* End XCConfigurationList section */
	};
	rootObject = FAFA0455260FE80E008D3E8F /* Project object */;
}
